
Microsoft Visual Studio Solution File, Format Version 12.00
# Visual Studio Version 17
VisualStudioVersion = 17.8.34330.188
MinimumVisualStudioVersion = 10.0.40219.1
Project("{FAE04EC0-301F-11D3-BF4B-00C04F79EFBC}") = "StudentDataBaseLab", "StudentDataBaseLab\StudentDataBaseLab.csproj", "{AC61209A-2171-4F3D-BEBB-AB96BF60D043}"
EndProject
Global
	GlobalSection(SolutionConfigurationPlatforms) = preSolution
		Debug|Any CPU = Debug|Any CPU
		Release|Any CPU = Release|Any CPU
	EndGlobalSection
	GlobalSection(ProjectConfigurationPlatforms) = postSolution
		{AC61209A-2171-4F3D-BEBB-AB96BF60D043}.Debug|Any CPU.ActiveCfg = Debug|Any CPU
		{AC61209A-2171-4F3D-BEBB-AB96BF60D043}.Debug|Any CPU.Build.0 = Debug|Any CPU
		{AC61209A-2171-4F3D-BEBB-AB96BF60D043}.Release|Any CPU.ActiveCfg = Release|Any CPU
		{AC61209A-2171-4F3D-BEBB-AB96BF60D043}.Release|Any CPU.Build.0 = Release|Any CPU
	EndGlobalSection
	GlobalSection(SolutionProperties) = preSolution
		HideSolutionNode = FALSE
	EndGlobalSection
	GlobalSection(ExtensibilityGlobals) = postSolution
		SolutionGuid = {8218C380-F05B-4B19-ADC0-10276D3C5EB0}
	EndGlobalSection
EndGlobal
